<?xml version="1.0" encoding="utf-8"?>
<Project ToolsVersion="4.0" xmlns="http://schemas.microsoft.com/developer/msbuild/2003">
  <ItemGroup>
    <Filter Include="Source Files">
      <UniqueIdentifier>{4FC737F1-C7A5-4376-A066-2A32D752A2FF}</UniqueIdentifier>
      <Extensions>cpp;c;cc;cxx;def;odl;idl;hpj;bat;asm;asmx</Extensions>
    </Filter>
    <Filter Include="Header Files">
      <UniqueIdentifier>{93995380-89BD-4b04-88EB-625FBE52EBFB}</UniqueIdentifier>
      <Extensions>h;hh;hpp;hxx;hm;inl;inc;ipp;xsd</Extensions>
    </Filter>
    <Filter Include="Source Files\base">
      <UniqueIdentifier>{7a1268b3-cc76-4b6a-a9c1-93e4178c0e30}</UniqueIdentifier>
    </Filter>
    <Filter Include="Source Files\3d">
      <UniqueIdentifier>{7e2891a6-4f2a-44ac-a02b-17ebec606b70}</UniqueIdentifier>
    </Filter>
    <Filter Include="Source Files\Utilities">
      <UniqueIdentifier>{ef3e00cd-0f7d-4532-8cc3-6cd7527b3fab}</UniqueIdentifier>
    </Filter>
    <Filter Include="Source Files\Physics">
      <UniqueIdentifier>{8781b70a-8d5d-4880-adce-b7cde4918a24}</UniqueIdentifier>
    </Filter>
    <Filter Include="Source Files\Player">
      <UniqueIdentifier>{7a017159-78c2-4d01-9588-2bba7550d460}</UniqueIdentifier>
    </Filter>
    <Filter Include="Source Files\General">
      <UniqueIdentifier>{13f8583e-6239-4694-9f10-c2005b9aac89}</UniqueIdentifier>
    </Filter>
  </ItemGroup>
  <ItemGroup>
    <ClCompile Include="..\src\application.cpp">
      <Filter>Source Files</Filter>
    </ClCompile>
    <ClCompile Include="..\src\CImage.cpp">
      <Filter>Source Files\base</Filter>
    </ClCompile>
    <ClCompile Include="..\src\FileUtil.cpp">
      <Filter>Source Files\base</Filter>
    </ClCompile>
    <ClCompile Include="..\src\STLUtil.cpp">
      <Filter>Source Files\base</Filter>
    </ClCompile>
    <ClCompile Include="..\src\StringFileUtil.cpp">
      <Filter>Source Files\base</Filter>
    </ClCompile>
    <ClCompile Include="..\src\StringUtil.cpp">
      <Filter>Source Files\base</Filter>
    </ClCompile>
    <ClCompile Include="..\src\3d\camera.cpp">
      <Filter>Source Files\3d</Filter>
    </ClCompile>
    <ClCompile Include="..\src\3d\mesh.cpp">
      <Filter>Source Files\3d</Filter>
    </ClCompile>
    <ClCompile Include="..\src\3d\model.cpp">
      <Filter>Source Files\3d</Filter>
    </ClCompile>
    <ClCompile Include="..\src\3d\shader.cpp">
      <Filter>Source Files\3d</Filter>
    </ClCompile>
    <ClCompile Include="..\src\3d\texture.cpp">
      <Filter>Source Files\3d</Filter>
    </ClCompile>
    <ClCompile Include="..\src\3d\font.cpp">
      <Filter>Source Files\3d</Filter>
    </ClCompile>
    <ClCompile Include="..\src\3d\physics.cpp">
      <Filter>Source Files\3d</Filter>
    </ClCompile>
    <ClCompile Include="..\src\Debug.cpp">
      <Filter>Source Files\Utilities</Filter>
    </ClCompile>
    <ClCompile Include="..\src\Render.cpp">
      <Filter>Source Files\Utilities</Filter>
    </ClCompile>
    <ClCompile Include="..\src\Input.cpp">
      <Filter>Source Files\Utilities</Filter>
    </ClCompile>
    <ClCompile Include="..\src\Collision.cpp">
      <Filter>Source Files\Physics</Filter>
    </ClCompile>
    <ClCompile Include="..\src\PhysicData.cpp">
      <Filter>Source Files\Physics</Filter>
    </ClCompile>
    <ClCompile Include="..\src\PhysicProcess.cpp">
      <Filter>Source Files\Physics</Filter>
    </ClCompile>
    <ClCompile Include="..\src\RigidBody.cpp">
      <Filter>Source Files\Physics</Filter>
    </ClCompile>
    <ClCompile Include="..\src\Shapes.cpp">
      <Filter>Source Files\Physics</Filter>
    </ClCompile>
    <ClCompile Include="..\src\Macros.cpp">
      <Filter>Source Files\Physics</Filter>
    </ClCompile>
    <ClCompile Include="..\src\InputManager.cpp">
      <Filter>Source Files\Player</Filter>
    </ClCompile>
    <ClCompile Include="..\src\Player.cpp">
      <Filter>Source Files\Player</Filter>
    </ClCompile>
    <ClCompile Include="..\src\Cannon.cpp">
      <Filter>Source Files\General</Filter>
    </ClCompile>
    <ClCompile Include="..\src\CannonBall.cpp">
      <Filter>Source Files\General</Filter>
    </ClCompile>
    <ClCompile Include="..\src\PoolManager.cpp">
      <Filter>Source Files\General</Filter>
    </ClCompile>
    <ClCompile Include="..\src\Enemy.cpp">
      <Filter>Source Files\General</Filter>
    </ClCompile>
    <ClCompile Include="..\src\GameProcess.cpp">
      <Filter>Source Files\Physics</Filter>
    </ClCompile>
    <ClCompile Include="..\src\ModelManager.cpp">
      <Filter>Source Files\General</Filter>
    </ClCompile>
    <ClCompile Include="..\src\CameraController.cpp">
      <Filter>Source Files\Utilities</Filter>
    </ClCompile>
    <ClCompile Include="..\src\Treasure.cpp">
      <Filter>Source Files\General</Filter>
    </ClCompile>
  </ItemGroup>
  <ItemGroup>
    <ClInclude Include="..\src\CImage.h">
      <Filter>Source Files\base</Filter>
    </ClInclude>
    <ClInclude Include="..\src\FileUtil.h">
      <Filter>Source Files\base</Filter>
    </ClInclude>
    <ClInclude Include="..\src\STLUtil.h">
      <Filter>Source Files\base</Filter>
    </ClInclude>
    <ClInclude Include="..\src\StringFileUtil.h">
      <Filter>Source Files\base</Filter>
    </ClInclude>
    <ClInclude Include="..\src\StringUtil.h">
      <Filter>Source Files\base</Filter>
    </ClInclude>
    <ClInclude Include="..\src\types.h">
      <Filter>Source Files\base</Filter>
    </ClInclude>
    <ClInclude Include="..\src\3d\camera.h">
      <Filter>Source Files\3d</Filter>
    </ClInclude>
    <ClInclude Include="..\src\3d\mesh.h">
      <Filter>Source Files\3d</Filter>
    </ClInclude>
    <ClInclude Include="..\src\3d\model.h">
      <Filter>Source Files\3d</Filter>
    </ClInclude>
    <ClInclude Include="..\src\3d\shader.h">
      <Filter>Source Files\3d</Filter>
    </ClInclude>
    <ClInclude Include="..\src\3d\texture.h">
      <Filter>Source Files\3d</Filter>
    </ClInclude>
    <ClInclude Include="..\src\3d\font.h">
      <Filter>Source Files\3d</Filter>
    </ClInclude>
    <ClInclude Include="..\src\3d\physics.h">
      <Filter>Source Files\3d</Filter>
    </ClInclude>
    <ClInclude Include="..\src\Debug.h">
      <Filter>Source Files\Utilities</Filter>
    </ClInclude>
    <ClInclude Include="..\src\Render.h">
      <Filter>Source Files\Utilities</Filter>
    </ClInclude>
    <ClInclude Include="..\src\Input.h">
      <Filter>Source Files\Utilities</Filter>
    </ClInclude>
    <ClInclude Include="..\src\Collision.h">
      <Filter>Source Files\Physics</Filter>
    </ClInclude>
    <ClInclude Include="..\src\PhysicData.h">
      <Filter>Source Files\Physics</Filter>
    </ClInclude>
    <ClInclude Include="..\src\PhysicProcess.h">
      <Filter>Source Files\Physics</Filter>
    </ClInclude>
    <ClInclude Include="..\src\RigidBody.h">
      <Filter>Source Files\Physics</Filter>
    </ClInclude>
    <ClInclude Include="..\src\timeOperations.h">
      <Filter>Source Files\Physics</Filter>
    </ClInclude>
    <ClInclude Include="..\src\Shapes.h">
      <Filter>Source Files\Physics</Filter>
    </ClInclude>
    <ClInclude Include="..\src\Macros.h">
      <Filter>Source Files\Physics</Filter>
    </ClInclude>
    <ClInclude Include="..\src\InputManager.h">
      <Filter>Source Files\Player</Filter>
    </ClInclude>
    <ClInclude Include="..\src\Player.h">
      <Filter>Source Files\Player</Filter>
    </ClInclude>
    <ClInclude Include="..\src\Cannon.h">
      <Filter>Source Files\General</Filter>
    </ClInclude>
    <ClInclude Include="..\src\CannonBall.h">
      <Filter>Source Files\General</Filter>
    </ClInclude>
    <ClInclude Include="..\src\PoolManager.h">
      <Filter>Source Files\General</Filter>
    </ClInclude>
    <ClInclude Include="..\src\Enemy.h">
      <Filter>Source Files\General</Filter>
    </ClInclude>
    <ClInclude Include="..\src\GameProcess.h">
      <Filter>Source Files\Physics</Filter>
    </ClInclude>
    <ClInclude Include="..\src\ModelManager.h">
      <Filter>Source Files\General</Filter>
    </ClInclude>
    <ClInclude Include="..\src\CameraController.h">
      <Filter>Source Files\Utilities</Filter>
    </ClInclude>
    <ClInclude Include="..\src\Treasure.h">
      <Filter>Source Files\General</Filter>
    </ClInclude>
  </ItemGroup>
</Project>